dependencies:
  espressif/cmake_utilities:
    component_hash: 351350613ceafba240b761b4ea991e0f231ac7a9f59a9ee901f751bddc0bb18f
    dependencies:
    - name: idf
      require: private
      version: '>=4.1'
    source:
      registry_url: https://components.espressif.com
      type: service
    version: 0.5.3
  espressif/esp_codec_dev:
    component_hash: 420a8a931f8bdfc74ae89c4d2ce634823d10e1865b1e9bdb8428bfe4a1060def
    dependencies:
    - name: idf
      require: private
      version: '>=4.0'
    source:
      registry_url: https://components.espressif.com/
      type: service
    version: 1.3.6
  espressif/esp_io_expander:
    component_hash: fbc0de4082fc7c207dc98a93a0ed83d1a929a4ecee83cc567afb406f3ee6d4a6
    dependencies:
    - name: idf
      require: private
      version: '>=4.4.2'
    source:
      registry_url: https://components.espressif.com
      type: service
    version: 1.0.1
  espressif/esp_io_expander_tca9554:
    component_hash: b8d7ff823eed8a8c05c49f01d554d08f75146a17a1c50bfb354b6c4c8819fc05
    dependencies:
    - name: espressif/esp_io_expander
      registry_url: https://components.espressif.com
      require: public
      version: ^1.0.1
    - name: idf
      require: private
      version: '>=5.2'
    source:
      registry_url: https://components.espressif.com/
      type: service
    version: 2.0.2
  espressif/esp_lcd_sh8601:
    component_hash: 9597cce74af4bae0ec423ee819a2916b995ff3e5bb8d590bdb0a27fa9e715dab
    dependencies:
    - name: idf
      require: private
      version: '>5.0.4,!=5.1.1'
    - name: espressif/cmake_utilities
      registry_url: https://components.espressif.com
      require: private
      version: 0.*
    source:
      registry_url: https://components.espressif.com/
      type: service
    version: 1.0.0
  idf:
    source:
      type: idf
    version: 5.5.1
  lvgl:
    dependencies: []
    source:
      path: C:\Users\Air\Downloads\ESP32-C6-Touch-AMOLED-1.43-Demo\ESP-IDF\11_FactoryProgram\components\lvgl
      type: local
    version: 8.3.11
direct_dependencies:
- espressif/esp_codec_dev
- espressif/esp_io_expander_tca9554
- espressif/esp_lcd_sh8601
- idf
- lvgl/lvgl
manifest_hash: df55ad8630edd6922c2741e5c9beef6d5e6d713dfdb75f91b83140c7a75e133a
target: esp32c6
version: 2.0.0
